
Microsoft Visual Studio Solution File, Format Version 12.00
# Visual Studio Version 17
VisualStudioVersion = 17.2.32505.173
MinimumVisualStudioVersion = 10.0.40219.1
Project("{FAE04EC0-301F-11D3-BF4B-00C04F79EFBC}") = "TeduShop.Model", "TeduShop.Model\TeduShop.Model.csproj", "{011143E2-5BBA-491A-889F-ECD53D0B7881}"
EndProject
Project("{FAE04EC0-301F-11D3-BF4B-00C04F79EFBC}") = "TeduShop.Common", "TeduShop.Common\TeduShop.Common.csproj", "{7E090790-4C8E-4686-9603-E24A5A4E104B}"
EndProject
Project("{FAE04EC0-301F-11D3-BF4B-00C04F79EFBC}") = "TeduShop.Service", "TeduShop.Service\TeduShop.Service.csproj", "{54D7FAE3-0AF4-4B2B-98D0-5A0F1CA6C38F}"
EndProject
Project("{FAE04EC0-301F-11D3-BF4B-00C04F79EFBC}") = "TeduShop.UnitTest", "TeduShop.UnitTest\TeduShop.UnitTest.csproj", "{681DDF1E-E70D-4E55-88AC-9BA1E80ADEBF}"
EndProject
Project("{FAE04EC0-301F-11D3-BF4B-00C04F79EFBC}") = "TeduWeb", "TeduWeb\TeduWeb.csproj", "{DDD3335F-82FF-4874-AC27-E7254EFEDDBA}"
EndProject
Project("{FAE04EC0-301F-11D3-BF4B-00C04F79EFBC}") = "TeduShop.Data", "TeduShop.Data\TeduShop.Data.csproj", "{E803910B-4A62-4499-AFBF-F3F1021AF49A}"
EndProject
Global
	GlobalSection(SolutionConfigurationPlatforms) = preSolution
		Debug|Any CPU = Debug|Any CPU
		Release|Any CPU = Release|Any CPU
	EndGlobalSection
	GlobalSection(ProjectConfigurationPlatforms) = postSolution
		{011143E2-5BBA-491A-889F-ECD53D0B7881}.Debug|Any CPU.ActiveCfg = Debug|Any CPU
		{011143E2-5BBA-491A-889F-ECD53D0B7881}.Debug|Any CPU.Build.0 = Debug|Any CPU
		{011143E2-5BBA-491A-889F-ECD53D0B7881}.Release|Any CPU.ActiveCfg = Release|Any CPU
		{011143E2-5BBA-491A-889F-ECD53D0B7881}.Release|Any CPU.Build.0 = Release|Any CPU
		{7E090790-4C8E-4686-9603-E24A5A4E104B}.Debug|Any CPU.ActiveCfg = Debug|Any CPU
		{7E090790-4C8E-4686-9603-E24A5A4E104B}.Debug|Any CPU.Build.0 = Debug|Any CPU
		{7E090790-4C8E-4686-9603-E24A5A4E104B}.Release|Any CPU.ActiveCfg = Release|Any CPU
		{7E090790-4C8E-4686-9603-E24A5A4E104B}.Release|Any CPU.Build.0 = Release|Any CPU
		{54D7FAE3-0AF4-4B2B-98D0-5A0F1CA6C38F}.Debug|Any CPU.ActiveCfg = Debug|Any CPU
		{54D7FAE3-0AF4-4B2B-98D0-5A0F1CA6C38F}.Debug|Any CPU.Build.0 = Debug|Any CPU
		{54D7FAE3-0AF4-4B2B-98D0-5A0F1CA6C38F}.Release|Any CPU.ActiveCfg = Release|Any CPU
		{54D7FAE3-0AF4-4B2B-98D0-5A0F1CA6C38F}.Release|Any CPU.Build.0 = Release|Any CPU
		{681DDF1E-E70D-4E55-88AC-9BA1E80ADEBF}.Debug|Any CPU.ActiveCfg = Debug|Any CPU
		{681DDF1E-E70D-4E55-88AC-9BA1E80ADEBF}.Debug|Any CPU.Build.0 = Debug|Any CPU
		{681DDF1E-E70D-4E55-88AC-9BA1E80ADEBF}.Release|Any CPU.ActiveCfg = Release|Any CPU
		{681DDF1E-E70D-4E55-88AC-9BA1E80ADEBF}.Release|Any CPU.Build.0 = Release|Any CPU
		{DDD3335F-82FF-4874-AC27-E7254EFEDDBA}.Debug|Any CPU.ActiveCfg = Debug|Any CPU
		{DDD3335F-82FF-4874-AC27-E7254EFEDDBA}.Debug|Any CPU.Build.0 = Debug|Any CPU
		{DDD3335F-82FF-4874-AC27-E7254EFEDDBA}.Release|Any CPU.ActiveCfg = Release|Any CPU
		{DDD3335F-82FF-4874-AC27-E7254EFEDDBA}.Release|Any CPU.Build.0 = Release|Any CPU
		{E803910B-4A62-4499-AFBF-F3F1021AF49A}.Debug|Any CPU.ActiveCfg = Debug|Any CPU
		{E803910B-4A62-4499-AFBF-F3F1021AF49A}.Debug|Any CPU.Build.0 = Debug|Any CPU
		{E803910B-4A62-4499-AFBF-F3F1021AF49A}.Release|Any CPU.ActiveCfg = Release|Any CPU
		{E803910B-4A62-4499-AFBF-F3F1021AF49A}.Release|Any CPU.Build.0 = Release|Any CPU
	EndGlobalSection
	GlobalSection(SolutionProperties) = preSolution
		HideSolutionNode = FALSE
	EndGlobalSection
	GlobalSection(ExtensibilityGlobals) = postSolution
		SolutionGuid = {B38E21C7-8E91-4AAB-83A5-8A5F3B6814F4}
	EndGlobalSection
EndGlobal
